
Microsoft Visual Studio Solution File, Format Version 12.00
# Visual Studio Version 17
VisualStudioVersion = 17.14.36414.22
MinimumVisualStudioVersion = 10.0.40219.1
Project("{FAE04EC0-301F-11D3-BF4B-00C04F79EFBC}") = "CatalogoProductos.UI", "CatalogoProductos.UI\CatalogoProductos.UI.csproj", "{34BEE526-1A76-4783-9D10-CC259CF6FD9B}"
EndProject
Project("{FAE04EC0-301F-11D3-BF4B-00C04F79EFBC}") = "CatalogoProductos.Negocio", "CatalogoProductos.Negocio\CatalogoProductos.Negocio.csproj", "{8139C92F-9984-4088-8E02-2C57EC0E5913}"
EndProject
Project("{FAE04EC0-301F-11D3-BF4B-00C04F79EFBC}") = "CatalogoProductos.Datos", "CatalogoProductos.Datos\CatalogoProductos.Datos.csproj", "{ECBBB641-CED9-4C10-82C8-0AB4388D32D8}"
EndProject
Project("{FAE04EC0-301F-11D3-BF4B-00C04F79EFBC}") = "CatalogoProductos.Comun", "CatalogoProductos.Comun\CatalogoProductos.Comun.csproj", "{469C53DC-5F42-481C-91EA-67941D43913E}"
EndProject
Project("{FAE04EC0-301F-11D3-BF4B-00C04F79EFBC}") = "CatalogoProductos.Dominio", "CatalogoProductos.Dominio\CatalogoProductos.Dominio.csproj", "{29D85788-7467-4CE9-A585-3874AF936B24}"
EndProject
Global
	GlobalSection(SolutionConfigurationPlatforms) = preSolution
		Debug|Any CPU = Debug|Any CPU
		Release|Any CPU = Release|Any CPU
	EndGlobalSection
	GlobalSection(ProjectConfigurationPlatforms) = postSolution
		{34BEE526-1A76-4783-9D10-CC259CF6FD9B}.Debug|Any CPU.ActiveCfg = Debug|Any CPU
		{34BEE526-1A76-4783-9D10-CC259CF6FD9B}.Debug|Any CPU.Build.0 = Debug|Any CPU
		{34BEE526-1A76-4783-9D10-CC259CF6FD9B}.Release|Any CPU.ActiveCfg = Release|Any CPU
		{34BEE526-1A76-4783-9D10-CC259CF6FD9B}.Release|Any CPU.Build.0 = Release|Any CPU
		{8139C92F-9984-4088-8E02-2C57EC0E5913}.Debug|Any CPU.ActiveCfg = Debug|Any CPU
		{8139C92F-9984-4088-8E02-2C57EC0E5913}.Debug|Any CPU.Build.0 = Debug|Any CPU
		{8139C92F-9984-4088-8E02-2C57EC0E5913}.Release|Any CPU.ActiveCfg = Release|Any CPU
		{8139C92F-9984-4088-8E02-2C57EC0E5913}.Release|Any CPU.Build.0 = Release|Any CPU
		{ECBBB641-CED9-4C10-82C8-0AB4388D32D8}.Debug|Any CPU.ActiveCfg = Debug|Any CPU
		{ECBBB641-CED9-4C10-82C8-0AB4388D32D8}.Debug|Any CPU.Build.0 = Debug|Any CPU
		{ECBBB641-CED9-4C10-82C8-0AB4388D32D8}.Release|Any CPU.ActiveCfg = Release|Any CPU
		{ECBBB641-CED9-4C10-82C8-0AB4388D32D8}.Release|Any CPU.Build.0 = Release|Any CPU
		{469C53DC-5F42-481C-91EA-67941D43913E}.Debug|Any CPU.ActiveCfg = Debug|Any CPU
		{469C53DC-5F42-481C-91EA-67941D43913E}.Debug|Any CPU.Build.0 = Debug|Any CPU
		{469C53DC-5F42-481C-91EA-67941D43913E}.Release|Any CPU.ActiveCfg = Release|Any CPU
		{469C53DC-5F42-481C-91EA-67941D43913E}.Release|Any CPU.Build.0 = Release|Any CPU
		{29D85788-7467-4CE9-A585-3874AF936B24}.Debug|Any CPU.ActiveCfg = Debug|Any CPU
		{29D85788-7467-4CE9-A585-3874AF936B24}.Debug|Any CPU.Build.0 = Debug|Any CPU
		{29D85788-7467-4CE9-A585-3874AF936B24}.Release|Any CPU.ActiveCfg = Release|Any CPU
		{29D85788-7467-4CE9-A585-3874AF936B24}.Release|Any CPU.Build.0 = Release|Any CPU
	EndGlobalSection
	GlobalSection(SolutionProperties) = preSolution
		HideSolutionNode = FALSE
	EndGlobalSection
	GlobalSection(ExtensibilityGlobals) = postSolution
		SolutionGuid = {59A29B8E-1805-4448-B701-66D35E9B23E0}
	EndGlobalSection
EndGlobal
